
Microsoft Visual Studio Solution File, Format Version 12.00
# Visual Studio Version 16
VisualStudioVersion = 16.0.30717.126
MinimumVisualStudioVersion = 10.0.40219.1
Project("{FAE04EC0-301F-11D3-BF4B-00C04F79EFBC}") = "BMIOdev1", "BMIOdev1\BMIOdev1.csproj", "{C263918B-E2CF-4A62-BA40-BB68DE5FFF26}"
EndProject
Global
	GlobalSection(SolutionConfigurationPlatforms) = preSolution
		Debug|Any CPU = Debug|Any CPU
		Release|Any CPU = Release|Any CPU
	EndGlobalSection
	GlobalSection(ProjectConfigurationPlatforms) = postSolution
		{C263918B-E2CF-4A62-BA40-BB68DE5FFF26}.Debug|Any CPU.ActiveCfg = Debug|Any CPU
		{C263918B-E2CF-4A62-BA40-BB68DE5FFF26}.Debug|Any CPU.Build.0 = Debug|Any CPU
		{C263918B-E2CF-4A62-BA40-BB68DE5FFF26}.Release|Any CPU.ActiveCfg = Release|Any CPU
		{C263918B-E2CF-4A62-BA40-BB68DE5FFF26}.Release|Any CPU.Build.0 = Release|Any CPU
	EndGlobalSection
	GlobalSection(SolutionProperties) = preSolution
		HideSolutionNode = FALSE
	EndGlobalSection
	GlobalSection(ExtensibilityGlobals) = postSolution
		SolutionGuid = {2E3C08C7-356B-4B99-9C98-15A2363D7911}
	EndGlobalSection
EndGlobal
